// !$*UTF8*$!
{
	archiveVersion = 1;
	classes = {
	};
	objectVersion = 50;
	objects = {

/* Begin PBXBuildFile section */
		3F2194F92126BDFF00C02CA4 /* CustomPush.swift in Sources */ = {isa = PBXBuildFile; fileRef = 3F2194F82126BDFF00C02CA4 /* CustomPush.swift */; };
		3F223BD22124251000274675 /* CategoriesViewController.swift in Sources */ = {isa = PBXBuildFile; fileRef = 3F223BD12124251000274675 /* CategoriesViewController.swift */; };
		3F223BD42124251300274675 /* SearchViewController.swift in Sources */ = {isa = PBXBuildFile; fileRef = 3F223BD32124251300274675 /* SearchViewController.swift */; };
		3F223BD6212427B000274675 /* Main.storyboard in Resources */ = {isa = PBXBuildFile; fileRef = 3F223BD5212427B000274675 /* Main.storyboard */; };
		3F223BD82124285F00274675 /* RefreshImageView.swift in Sources */ = {isa = PBXBuildFile; fileRef = 3F223BD72124285F00274675 /* RefreshImageView.swift */; };
		3F223BDA2124286D00274675 /* NormalCell.swift in Sources */ = {isa = PBXBuildFile; fileRef = 3F223BD92124286D00274675 /* NormalCell.swift */; };
		3F223BDC2124287000274675 /* NormalCell.xib in Resources */ = {isa = PBXBuildFile; fileRef = 3F223BDB2124287000274675 /* NormalCell.xib */; };
		3F223BE22124641200274675 /* RectangleCell.xib in Resources */ = {isa = PBXBuildFile; fileRef = 3F223BE02124641200274675 /* RectangleCell.xib */; };
		3F6492F521242B1C0077E531 /* Login.storyboard in Resources */ = {isa = PBXBuildFile; fileRef = 3F6492F421242B1C0077E531 /* Login.storyboard */; };
		3F6492F721242B330077E531 /* LoginViewController.swift in Sources */ = {isa = PBXBuildFile; fileRef = 3F6492F621242B330077E531 /* LoginViewController.swift */; };
		3F6492FA212463450077E531 /* DataModel.xcdatamodeld in Sources */ = {isa = PBXBuildFile; fileRef = 3F6492F8212463450077E531 /* DataModel.xcdatamodeld */; };
		3FB6C1D221256A1200D5DD36 /* AnimationView.swift in Sources */ = {isa = PBXBuildFile; fileRef = 3FB6C1D121256A1200D5DD36 /* AnimationView.swift */; };
		3FBAF2EA2127175400076362 /* TouchView.swift in Sources */ = {isa = PBXBuildFile; fileRef = 3FBAF2E92127175400076362 /* TouchView.swift */; };
		3FCA350C212C0DDC0016B9C4 /* InfoPlace.swift in Sources */ = {isa = PBXBuildFile; fileRef = 3FCA350B212C0DDC0016B9C4 /* InfoPlace.swift */; };
		3FCA350E212C0DE90016B9C4 /* InfoPlace.xib in Resources */ = {isa = PBXBuildFile; fileRef = 3FCA350D212C0DE90016B9C4 /* InfoPlace.xib */; };
		3FEB02962125532000A1863A /* DBManager.swift in Sources */ = {isa = PBXBuildFile; fileRef = 3FEB02952125532000A1863A /* DBManager.swift */; };
		3FF358DB212403F70091A943 /* AppDelegate.swift in Sources */ = {isa = PBXBuildFile; fileRef = 3FF358DA212403F70091A943 /* AppDelegate.swift */; };
		3FF358E2212403F90091A943 /* Assets.xcassets in Resources */ = {isa = PBXBuildFile; fileRef = 3FF358E1212403F90091A943 /* Assets.xcassets */; };
		3FF358E5212403F90091A943 /* LaunchScreen.storyboard in Resources */ = {isa = PBXBuildFile; fileRef = 3FF358E3212403F90091A943 /* LaunchScreen.storyboard */; };
		3FF358FA21240CFC0091A943 /* Item.swift in Sources */ = {isa = PBXBuildFile; fileRef = 3FF358F921240CFC0091A943 /* Item.swift */; };
		3FF358FC21240D0A0091A943 /* DescriptionViewController.swift in Sources */ = {isa = PBXBuildFile; fileRef = 3FF358FB21240D0A0091A943 /* DescriptionViewController.swift */; };
		3FF358FE21240D1B0091A943 /* DescriptionCollectionViewCell.swift in Sources */ = {isa = PBXBuildFile; fileRef = 3FF358FD21240D1B0091A943 /* DescriptionCollectionViewCell.swift */; };
		3FF3590021240D220091A943 /* Description.storyboard in Resources */ = {isa = PBXBuildFile; fileRef = 3FF358FF21240D220091A943 /* Description.storyboard */; };
		3FF35902212461A70091A943 /* BasketViewController.swift in Sources */ = {isa = PBXBuildFile; fileRef = 3FF35901212461A70091A943 /* BasketViewController.swift */; };
		3FF35904212461C90091A943 /* FavoriteItemsViewController.swift in Sources */ = {isa = PBXBuildFile; fileRef = 3FF35903212461C90091A943 /* FavoriteItemsViewController.swift */; };
		3FF655DE212ABE0F000185BB /* MapViewController.swift in Sources */ = {isa = PBXBuildFile; fileRef = 3FF655DD212ABE0F000185BB /* MapViewController.swift */; };
		5405AE80A1DF058BE4CF64A2 /* Pods_PriceAggregator123.framework in Frameworks */ = {isa = PBXBuildFile; fileRef = 5E298A8592FA2A043BE2843C /* Pods_PriceAggregator123.framework */; };
/* End PBXBuildFile section */

/* Begin PBXFileReference section */
		3F2194F82126BDFF00C02CA4 /* CustomPush.swift */ = {isa = PBXFileReference; lastKnownFileType = sourcecode.swift; path = CustomPush.swift; sourceTree = "<group>"; };
		3F223BD12124251000274675 /* CategoriesViewController.swift */ = {isa = PBXFileReference; fileEncoding = 4; lastKnownFileType = sourcecode.swift; path = CategoriesViewController.swift; sourceTree = "<group>"; };
		3F223BD32124251300274675 /* SearchViewController.swift */ = {isa = PBXFileReference; fileEncoding = 4; lastKnownFileType = sourcecode.swift; path = SearchViewController.swift; sourceTree = "<group>"; };
		3F223BD5212427B000274675 /* Main.storyboard */ = {isa = PBXFileReference; fileEncoding = 4; lastKnownFileType = file.storyboard; path = Main.storyboard; sourceTree = "<group>"; };
		3F223BD72124285F00274675 /* RefreshImageView.swift */ = {isa = PBXFileReference; fileEncoding = 4; lastKnownFileType = sourcecode.swift; path = RefreshImageView.swift; sourceTree = "<group>"; };
		3F223BD92124286D00274675 /* NormalCell.swift */ = {isa = PBXFileReference; fileEncoding = 4; lastKnownFileType = sourcecode.swift; path = NormalCell.swift; sourceTree = "<group>"; };
		3F223BDB2124287000274675 /* NormalCell.xib */ = {isa = PBXFileReference; fileEncoding = 4; lastKnownFileType = file.xib; path = NormalCell.xib; sourceTree = "<group>"; };
		3F223BE02124641200274675 /* RectangleCell.xib */ = {isa = PBXFileReference; lastKnownFileType = file.xib; path = RectangleCell.xib; sourceTree = "<group>"; };
		3F6492F421242B1C0077E531 /* Login.storyboard */ = {isa = PBXFileReference; fileEncoding = 4; lastKnownFileType = file.storyboard; path = Login.storyboard; sourceTree = "<group>"; };
		3F6492F621242B330077E531 /* LoginViewController.swift */ = {isa = PBXFileReference; fileEncoding = 4; lastKnownFileType = sourcecode.swift; path = LoginViewController.swift; sourceTree = "<group>"; };
		3F6492F9212463450077E531 /* DataModel.xcdatamodel */ = {isa = PBXFileReference; lastKnownFileType = wrapper.xcdatamodel; path = DataModel.xcdatamodel; sourceTree = "<group>"; };
		3FB6C1D121256A1200D5DD36 /* AnimationView.swift */ = {isa = PBXFileReference; lastKnownFileType = sourcecode.swift; path = AnimationView.swift; sourceTree = "<group>"; };
		3FBAF2E92127175400076362 /* TouchView.swift */ = {isa = PBXFileReference; lastKnownFileType = sourcecode.swift; path = TouchView.swift; sourceTree = "<group>"; };
		3FCA350B212C0DDC0016B9C4 /* InfoPlace.swift */ = {isa = PBXFileReference; lastKnownFileType = sourcecode.swift; path = InfoPlace.swift; sourceTree = "<group>"; };
		3FCA350D212C0DE90016B9C4 /* InfoPlace.xib */ = {isa = PBXFileReference; lastKnownFileType = file.xib; path = InfoPlace.xib; sourceTree = "<group>"; };
		3FEB02952125532000A1863A /* DBManager.swift */ = {isa = PBXFileReference; lastKnownFileType = sourcecode.swift; path = DBManager.swift; sourceTree = "<group>"; };
		3FF358D7212403F70091A943 /* PriceAggregator123.app */ = {isa = PBXFileReference; explicitFileType = wrapper.application; includeInIndex = 0; path = PriceAggregator123.app; sourceTree = BUILT_PRODUCTS_DIR; };
		3FF358DA212403F70091A943 /* AppDelegate.swift */ = {isa = PBXFileReference; lastKnownFileType = sourcecode.swift; path = AppDelegate.swift; sourceTree = "<group>"; };
		3FF358E1212403F90091A943 /* Assets.xcassets */ = {isa = PBXFileReference; lastKnownFileType = folder.assetcatalog; path = Assets.xcassets; sourceTree = "<group>"; };
		3FF358E4212403F90091A943 /* Base */ = {isa = PBXFileReference; lastKnownFileType = file.storyboard; name = Base; path = Base.lproj/LaunchScreen.storyboard; sourceTree = "<group>"; };
		3FF358E6212403F90091A943 /* Info.plist */ = {isa = PBXFileReference; lastKnownFileType = text.plist.xml; path = Info.plist; sourceTree = "<group>"; };
		3FF358F921240CFC0091A943 /* Item.swift */ = {isa = PBXFileReference; fileEncoding = 4; lastKnownFileType = sourcecode.swift; path = Item.swift; sourceTree = "<group>"; };
		3FF358FB21240D0A0091A943 /* DescriptionViewController.swift */ = {isa = PBXFileReference; fileEncoding = 4; lastKnownFileType = sourcecode.swift; path = DescriptionViewController.swift; sourceTree = "<group>"; };
		3FF358FD21240D1B0091A943 /* DescriptionCollectionViewCell.swift */ = {isa = PBXFileReference; fileEncoding = 4; lastKnownFileType = sourcecode.swift; path = DescriptionCollectionViewCell.swift; sourceTree = "<group>"; };
		3FF358FF21240D220091A943 /* Description.storyboard */ = {isa = PBXFileReference; fileEncoding = 4; lastKnownFileType = file.storyboard; path = Description.storyboard; sourceTree = "<group>"; };
		3FF35901212461A70091A943 /* BasketViewController.swift */ = {isa = PBXFileReference; lastKnownFileType = sourcecode.swift; path = BasketViewController.swift; sourceTree = "<group>"; };
		3FF35903212461C90091A943 /* FavoriteItemsViewController.swift */ = {isa = PBXFileReference; lastKnownFileType = sourcecode.swift; path = FavoriteItemsViewController.swift; sourceTree = "<group>"; };
		3FF655DD212ABE0F000185BB /* MapViewController.swift */ = {isa = PBXFileReference; lastKnownFileType = sourcecode.swift; path = MapViewController.swift; sourceTree = "<group>"; };
		55582D82CE0B636CEF6B38CE /* Pods-PriceAggregator123.debug.xcconfig */ = {isa = PBXFileReference; includeInIndex = 1; lastKnownFileType = text.xcconfig; name = "Pods-PriceAggregator123.debug.xcconfig"; path = "Pods/Target Support Files/Pods-PriceAggregator123/Pods-PriceAggregator123.debug.xcconfig"; sourceTree = "<group>"; };
		5E298A8592FA2A043BE2843C /* Pods_PriceAggregator123.framework */ = {isa = PBXFileReference; explicitFileType = wrapper.framework; includeInIndex = 0; path = Pods_PriceAggregator123.framework; sourceTree = BUILT_PRODUCTS_DIR; };
		5FE146BDD4F9CA8BEF7E1258 /* Pods-PriceAggregator123.release.xcconfig */ = {isa = PBXFileReference; includeInIndex = 1; lastKnownFileType = text.xcconfig; name = "Pods-PriceAggregator123.release.xcconfig"; path = "Pods/Target Support Files/Pods-PriceAggregator123/Pods-PriceAggregator123.release.xcconfig"; sourceTree = "<group>"; };
/* End PBXFileReference section */

/* Begin PBXFrameworksBuildPhase section */
		3FF358D4212403F70091A943 /* Frameworks */ = {
			isa = PBXFrameworksBuildPhase;
			buildActionMask = 2147483647;
			files = (
				5405AE80A1DF058BE4CF64A2 /* Pods_PriceAggregator123.framework in Frameworks */,
			);
			runOnlyForDeploymentPostprocessing = 0;
		};
/* End PBXFrameworksBuildPhase section */

/* Begin PBXGroup section */
		3FF358CE212403F70091A943 = {
			isa = PBXGroup;
			children = (
				3FF358D9212403F70091A943 /* PriceAggregator123 */,
				3FF358D8212403F70091A943 /* Products */,
				827B088E3E3B47D86B121E07 /* Pods */,
				9D6F44FB899164DB7D371FAA /* Frameworks */,
			);
			sourceTree = "<group>";
		};
		3FF358D8212403F70091A943 /* Products */ = {
			isa = PBXGroup;
			children = (
				3FF358D7212403F70091A943 /* PriceAggregator123.app */,
			);
			name = Products;
			sourceTree = "<group>";
		};
		3FF358D9212403F70091A943 /* PriceAggregator123 */ = {
			isa = PBXGroup;
			children = (
				3FF358F821240CF00091A943 /* Controller */,
				3FF358F721240CEA0091A943 /* View */,
				3FF358F621240CD60091A943 /* Model */,
				3FF358DA212403F70091A943 /* AppDelegate.swift */,
				3FF358E1212403F90091A943 /* Assets.xcassets */,
				3FF358E3212403F90091A943 /* LaunchScreen.storyboard */,
				3FF358E6212403F90091A943 /* Info.plist */,
			);
			path = PriceAggregator123;
			sourceTree = "<group>";
		};
		3FF358F621240CD60091A943 /* Model */ = {
			isa = PBXGroup;
			children = (
				3F6492F8212463450077E531 /* DataModel.xcdatamodeld */,
				3FF358F921240CFC0091A943 /* Item.swift */,
				3FEB02952125532000A1863A /* DBManager.swift */,
			);
			path = Model;
			sourceTree = "<group>";
		};
		3FF358F721240CEA0091A943 /* View */ = {
			isa = PBXGroup;
			children = (
				3F223BDB2124287000274675 /* NormalCell.xib */,
				3F223BE02124641200274675 /* RectangleCell.xib */,
				3F223BD92124286D00274675 /* NormalCell.swift */,
				3FF358FD21240D1B0091A943 /* DescriptionCollectionViewCell.swift */,
				3F223BD72124285F00274675 /* RefreshImageView.swift */,
				3FF358FF21240D220091A943 /* Description.storyboard */,
				3F223BD5212427B000274675 /* Main.storyboard */,
				3F6492F421242B1C0077E531 /* Login.storyboard */,
				3FB6C1D121256A1200D5DD36 /* AnimationView.swift */,
				3F2194F82126BDFF00C02CA4 /* CustomPush.swift */,
				3FBAF2E92127175400076362 /* TouchView.swift */,
				3FCA350B212C0DDC0016B9C4 /* InfoPlace.swift */,
				3FCA350D212C0DE90016B9C4 /* InfoPlace.xib */,
			);
			path = View;
			sourceTree = "<group>";
		};
		3FF358F821240CF00091A943 /* Controller */ = {
			isa = PBXGroup;
			children = (
				3FF358FB21240D0A0091A943 /* DescriptionViewController.swift */,
				3F223BD12124251000274675 /* CategoriesViewController.swift */,
				3F223BD32124251300274675 /* SearchViewController.swift */,
				3F6492F621242B330077E531 /* LoginViewController.swift */,
				3FF35901212461A70091A943 /* BasketViewController.swift */,
				3FF35903212461C90091A943 /* FavoriteItemsViewController.swift */,
				3FF655DD212ABE0F000185BB /* MapViewController.swift */,
			);
			path = Controller;
			sourceTree = "<group>";
		};
		827B088E3E3B47D86B121E07 /* Pods */ = {
			isa = PBXGroup;
			children = (
				55582D82CE0B636CEF6B38CE /* Pods-PriceAggregator123.debug.xcconfig */,
				5FE146BDD4F9CA8BEF7E1258 /* Pods-PriceAggregator123.release.xcconfig */,
			);
			name = Pods;
			sourceTree = "<group>";
		};
		9D6F44FB899164DB7D371FAA /* Frameworks */ = {
			isa = PBXGroup;
			children = (
				5E298A8592FA2A043BE2843C /* Pods_PriceAggregator123.framework */,
			);
			name = Frameworks;
			sourceTree = "<group>";
		};
/* End PBXGroup section */

/* Begin PBXNativeTarget section */
		3FF358D6212403F70091A943 /* PriceAggregator123 */ = {
			isa = PBXNativeTarget;
			buildConfigurationList = 3FF358E9212403F90091A943 /* Build configuration list for PBXNativeTarget "PriceAggregator123" */;
			buildPhases = (
				1DC916A7972C757A11D59706 /* [CP] Check Pods Manifest.lock */,
				3FF358D3212403F70091A943 /* Sources */,
				3FF358D4212403F70091A943 /* Frameworks */,
				3FF358D5212403F70091A943 /* Resources */,
				D5E971193E7481CE45FA9CF1 /* [CP] Embed Pods Frameworks */,
				23938979C1457CB3E08F5DEC /* [CP] Copy Pods Resources */,
			);
			buildRules = (
			);
			dependencies = (
			);
			name = PriceAggregator123;
			productName = PriceAggregator123;
			productReference = 3FF358D7212403F70091A943 /* PriceAggregator123.app */;
			productType = "com.apple.product-type.application";
		};
/* End PBXNativeTarget section */

/* Begin PBXProject section */
		3FF358CF212403F70091A943 /* Project object */ = {
			isa = PBXProject;
			attributes = {
				LastSwiftUpdateCheck = 0940;
				LastUpgradeCheck = 0940;
				ORGANIZATIONNAME = student;
				TargetAttributes = {
					3FF358D6212403F70091A943 = {
						CreatedOnToolsVersion = 9.4.1;
					};
				};
			};
			buildConfigurationList = 3FF358D2212403F70091A943 /* Build configuration list for PBXProject "PriceAggregator123" */;
			compatibilityVersion = "Xcode 9.3";
			developmentRegion = en;
			hasScannedForEncodings = 0;
			knownRegions = (
				en,
				Base,
			);
			mainGroup = 3FF358CE212403F70091A943;
			productRefGroup = 3FF358D8212403F70091A943 /* Products */;
			projectDirPath = "";
			projectRoot = "";
			targets = (
				3FF358D6212403F70091A943 /* PriceAggregator123 */,
			);
		};
/* End PBXProject section */

/* Begin PBXResourcesBuildPhase section */
		3FF358D5212403F70091A943 /* Resources */ = {
			isa = PBXResourcesBuildPhase;
			buildActionMask = 2147483647;
			files = (
				3F223BE22124641200274675 /* RectangleCell.xib in Resources */,
				3FF358E5212403F90091A943 /* LaunchScreen.storyboard in Resources */,
				3F223BD6212427B000274675 /* Main.storyboard in Resources */,
				3F6492F521242B1C0077E531 /* Login.storyboard in Resources */,
				3FF358E2212403F90091A943 /* Assets.xcassets in Resources */,
				3FF3590021240D220091A943 /* Description.storyboard in Resources */,
				3F223BDC2124287000274675 /* NormalCell.xib in Resources */,
				3FCA350E212C0DE90016B9C4 /* InfoPlace.xib in Resources */,
			);
			runOnlyForDeploymentPostprocessing = 0;
		};
/* End PBXResourcesBuildPhase section */

/* Begin PBXShellScriptBuildPhase section */
		1DC916A7972C757A11D59706 /* [CP] Check Pods Manifest.lock */ = {
			isa = PBXShellScriptBuildPhase;
			buildActionMask = 2147483647;
			files = (
			);
			inputPaths = (
				"${PODS_PODFILE_DIR_PATH}/Podfile.lock",
				"${PODS_ROOT}/Manifest.lock",
			);
			name = "[CP] Check Pods Manifest.lock";
			outputPaths = (
				"$(DERIVED_FILE_DIR)/Pods-PriceAggregator123-checkManifestLockResult.txt",
			);
			runOnlyForDeploymentPostprocessing = 0;
			shellPath = /bin/sh;
			shellScript = "diff \"${PODS_PODFILE_DIR_PATH}/Podfile.lock\" \"${PODS_ROOT}/Manifest.lock\" > /dev/null\nif [ $? != 0 ] ; then\n    # print error to STDERR\n    echo \"error: The sandbox is not in sync with the Podfile.lock. Run 'pod install' or update your CocoaPods installation.\" >&2\n    exit 1\nfi\n# This output is used by Xcode 'outputs' to avoid re-running this script phase.\necho \"SUCCESS\" > \"${SCRIPT_OUTPUT_FILE_0}\"\n";
			showEnvVarsInLog = 0;
		};
		23938979C1457CB3E08F5DEC /* [CP] Copy Pods Resources */ = {
			isa = PBXShellScriptBuildPhase;
			buildActionMask = 2147483647;
			files = (
			);
			inputPaths = (
				"${SRCROOT}/Pods/Target Support Files/Pods-PriceAggregator123/Pods-PriceAggregator123-resources.sh",
				"${PODS_ROOT}/GoogleMaps/Maps/Frameworks/GoogleMaps.framework/Resources/GoogleMaps.bundle",
				"${PODS_ROOT}/GooglePlacePicker/Frameworks/GooglePlacePicker.framework/Resources/GooglePlacePicker.bundle",
				"${PODS_ROOT}/GooglePlaces/Frameworks/GooglePlaces.framework/Resources/GooglePlaces.bundle",
				"${PODS_ROOT}/GoogleSignIn/Resources/GoogleSignIn.bundle",
				"${PODS_ROOT}/TwitterKit/iOS/TwitterKit.framework/TwitterKitResources.bundle",
			);
			name = "[CP] Copy Pods Resources";
			outputPaths = (
				"${TARGET_BUILD_DIR}/${UNLOCALIZED_RESOURCES_FOLDER_PATH}/GoogleMaps.bundle",
				"${TARGET_BUILD_DIR}/${UNLOCALIZED_RESOURCES_FOLDER_PATH}/GooglePlacePicker.bundle",
				"${TARGET_BUILD_DIR}/${UNLOCALIZED_RESOURCES_FOLDER_PATH}/GooglePlaces.bundle",
				"${TARGET_BUILD_DIR}/${UNLOCALIZED_RESOURCES_FOLDER_PATH}/GoogleSignIn.bundle",
				"${TARGET_BUILD_DIR}/${UNLOCALIZED_RESOURCES_FOLDER_PATH}/TwitterKitResources.bundle",
			);
			runOnlyForDeploymentPostprocessing = 0;
			shellPath = /bin/sh;
			shellScript = "\"${SRCROOT}/Pods/Target Support Files/Pods-PriceAggregator123/Pods-PriceAggregator123-resources.sh\"\n";
			showEnvVarsInLog = 0;
		};
		D5E971193E7481CE45FA9CF1 /* [CP] Embed Pods Frameworks */ = {
			isa = PBXShellScriptBuildPhase;
			buildActionMask = 2147483647;
			files = (
			);
			inputPaths = (
				"${SRCROOT}/Pods/Target Support Files/Pods-PriceAggregator123/Pods-PriceAggregator123-frameworks.sh",
				"${BUILT_PRODUCTS_DIR}/Bolts/Bolts.framework",
				"${BUILT_PRODUCTS_DIR}/FBSDKCoreKit/FBSDKCoreKit.framework",
				"${BUILT_PRODUCTS_DIR}/FBSDKLoginKit/FBSDKLoginKit.framework",
				"${BUILT_PRODUCTS_DIR}/FBSDKShareKit/FBSDKShareKit.framework",
				"${BUILT_PRODUCTS_DIR}/FacebookCore/FacebookCore.framework",
				"${BUILT_PRODUCTS_DIR}/FacebookLogin/FacebookLogin.framework",
				"${BUILT_PRODUCTS_DIR}/GTMOAuth2/GTMOAuth2.framework",
				"${BUILT_PRODUCTS_DIR}/GTMSessionFetcher/GTMSessionFetcher.framework",
				"${BUILT_PRODUCTS_DIR}/GoogleAPIClientForREST/GoogleAPIClientForREST.framework",
				"${BUILT_PRODUCTS_DIR}/GoogleToolboxForMac/GoogleToolboxForMac.framework",
				"${BUILT_PRODUCTS_DIR}/SwiftyJSON/SwiftyJSON.framework",
				"${PODS_ROOT}/TwitterCore/iOS/TwitterCore.framework",
				"${PODS_ROOT}/TwitterKit/iOS/TwitterKit.framework",
			);
			name = "[CP] Embed Pods Frameworks";
			outputPaths = (
				"${TARGET_BUILD_DIR}/${FRAMEWORKS_FOLDER_PATH}/Bolts.framework",
				"${TARGET_BUILD_DIR}/${FRAMEWORKS_FOLDER_PATH}/FBSDKCoreKit.framework",
				"${TARGET_BUILD_DIR}/${FRAMEWORKS_FOLDER_PATH}/FBSDKLoginKit.framework",
				"${TARGET_BUILD_DIR}/${FRAMEWORKS_FOLDER_PATH}/FBSDKShareKit.framework",
				"${TARGET_BUILD_DIR}/${FRAMEWORKS_FOLDER_PATH}/FacebookCore.framework",
				"${TARGET_BUILD_DIR}/${FRAMEWORKS_FOLDER_PATH}/FacebookLogin.framework",
				"${TARGET_BUILD_DIR}/${FRAMEWORKS_FOLDER_PATH}/GTMOAuth2.framework",
				"${TARGET_BUILD_DIR}/${FRAMEWORKS_FOLDER_PATH}/GTMSessionFetcher.framework",
				"${TARGET_BUILD_DIR}/${FRAMEWORKS_FOLDER_PATH}/GoogleAPIClientForREST.framework",
				"${TARGET_BUILD_DIR}/${FRAMEWORKS_FOLDER_PATH}/GoogleToolboxForMac.framework",
				"${TARGET_BUILD_DIR}/${FRAMEWORKS_FOLDER_PATH}/SwiftyJSON.framework",
				"${TARGET_BUILD_DIR}/${FRAMEWORKS_FOLDER_PATH}/TwitterCore.framework",
				"${TARGET_BUILD_DIR}/${FRAMEWORKS_FOLDER_PATH}/TwitterKit.framework",
			);
			runOnlyForDeploymentPostprocessing = 0;
			shellPath = /bin/sh;
			shellScript = "\"${SRCROOT}/Pods/Target Support Files/Pods-PriceAggregator123/Pods-PriceAggregator123-frameworks.sh\"\n";
			showEnvVarsInLog = 0;
		};
/* End PBXShellScriptBuildPhase section */

/* Begin PBXSourcesBuildPhase section */
		3FF358D3212403F70091A943 /* Sources */ = {
			isa = PBXSourcesBuildPhase;
			buildActionMask = 2147483647;
			files = (
				3FF35902212461A70091A943 /* BasketViewController.swift in Sources */,
				3F6492F721242B330077E531 /* LoginViewController.swift in Sources */,
				3F6492FA212463450077E531 /* DataModel.xcdatamodeld in Sources */,
				3F223BD82124285F00274675 /* RefreshImageView.swift in Sources */,
				3F223BD42124251300274675 /* SearchViewController.swift in Sources */,
				3FF358FE21240D1B0091A943 /* DescriptionCollectionViewCell.swift in Sources */,
				3FF358FC21240D0A0091A943 /* DescriptionViewController.swift in Sources */,
				3FCA350C212C0DDC0016B9C4 /* InfoPlace.swift in Sources */,
				3F2194F92126BDFF00C02CA4 /* CustomPush.swift in Sources */,
				3FBAF2EA2127175400076362 /* TouchView.swift in Sources */,
				3FEB02962125532000A1863A /* DBManager.swift in Sources */,
				3F223BDA2124286D00274675 /* NormalCell.swift in Sources */,
				3FB6C1D221256A1200D5DD36 /* AnimationView.swift in Sources */,
				3FF358FA21240CFC0091A943 /* Item.swift in Sources */,
				3FF358DB212403F70091A943 /* AppDelegate.swift in Sources */,
				3FF35904212461C90091A943 /* FavoriteItemsViewController.swift in Sources */,
				3F223BD22124251000274675 /* CategoriesViewController.swift in Sources */,
				3FF655DE212ABE0F000185BB /* MapViewController.swift in Sources */,
			);
			runOnlyForDeploymentPostprocessing = 0;
		};
/* End PBXSourcesBuildPhase section */

/* Begin PBXVariantGroup section */
		3FF358E3212403F90091A943 /* LaunchScreen.storyboard */ = {
			isa = PBXVariantGroup;
			children = (
				3FF358E4212403F90091A943 /* Base */,
			);
			name = LaunchScreen.storyboard;
			sourceTree = "<group>";
		};
/* End PBXVariantGroup section */

/* Begin XCBuildConfiguration section */
		3FF358E7212403F90091A943 /* Debug */ = {
			isa = XCBuildConfiguration;
			buildSettings = {
				ALWAYS_SEARCH_USER_PATHS = NO;
				CLANG_ANALYZER_NONNULL = YES;
				CLANG_ANALYZER_NUMBER_OBJECT_CONVERSION = YES_AGGRESSIVE;
				CLANG_CXX_LANGUAGE_STANDARD = "gnu++14";
				CLANG_CXX_LIBRARY = "libc++";
				CLANG_ENABLE_MODULES = YES;
				CLANG_ENABLE_OBJC_ARC = YES;
				CLANG_ENABLE_OBJC_WEAK = YES;
				CLANG_WARN_BLOCK_CAPTURE_AUTORELEASING = YES;
				CLANG_WARN_BOOL_CONVERSION = YES;
				CLANG_WARN_COMMA = YES;
				CLANG_WARN_CONSTANT_CONVERSION = YES;
				CLANG_WARN_DEPRECATED_OBJC_IMPLEMENTATIONS = YES;
				CLANG_WARN_DIRECT_OBJC_ISA_USAGE = YES_ERROR;
				CLANG_WARN_DOCUMENTATION_COMMENTS = YES;
				CLANG_WARN_EMPTY_BODY = YES;
				CLANG_WARN_ENUM_CONVERSION = YES;
				CLANG_WARN_INFINITE_RECURSION = YES;
				CLANG_WARN_INT_CONVERSION = YES;
				CLANG_WARN_NON_LITERAL_NULL_CONVERSION = YES;
				CLANG_WARN_OBJC_IMPLICIT_RETAIN_SELF = YES;
				CLANG_WARN_OBJC_LITERAL_CONVERSION = YES;
				CLANG_WARN_OBJC_ROOT_CLASS = YES_ERROR;
				CLANG_WARN_RANGE_LOOP_ANALYSIS = YES;
				CLANG_WARN_STRICT_PROTOTYPES = YES;
				CLANG_WARN_SUSPICIOUS_MOVE = YES;
				CLANG_WARN_UNGUARDED_AVAILABILITY = YES_AGGRESSIVE;
				CLANG_WARN_UNREACHABLE_CODE = YES;
				CLANG_WARN__DUPLICATE_METHOD_MATCH = YES;
				CODE_SIGN_IDENTITY = "iPhone Developer";
				COPY_PHASE_STRIP = NO;
				DEBUG_INFORMATION_FORMAT = dwarf;
				ENABLE_STRICT_OBJC_MSGSEND = YES;
				ENABLE_TESTABILITY = YES;
				GCC_C_LANGUAGE_STANDARD = gnu11;
				GCC_DYNAMIC_NO_PIC = NO;
				GCC_NO_COMMON_BLOCKS = YES;
				GCC_OPTIMIZATION_LEVEL = 0;
				GCC_PREPROCESSOR_DEFINITIONS = (
					"DEBUG=1",
					"$(inherited)",
				);
				GCC_WARN_64_TO_32_BIT_CONVERSION = YES;
				GCC_WARN_ABOUT_RETURN_TYPE = YES_ERROR;
				GCC_WARN_UNDECLARED_SELECTOR = YES;
				GCC_WARN_UNINITIALIZED_AUTOS = YES_AGGRESSIVE;
				GCC_WARN_UNUSED_FUNCTION = YES;
				GCC_WARN_UNUSED_VARIABLE = YES;
				IPHONEOS_DEPLOYMENT_TARGET = 11.4;
				MTL_ENABLE_DEBUG_INFO = YES;
				ONLY_ACTIVE_ARCH = YES;
				SDKROOT = iphoneos;
				SWIFT_ACTIVE_COMPILATION_CONDITIONS = DEBUG;
				SWIFT_OPTIMIZATION_LEVEL = "-Onone";
			};
			name = Debug;
		};
		3FF358E8212403F90091A943 /* Release */ = {
			isa = XCBuildConfiguration;
			buildSettings = {
				ALWAYS_SEARCH_USER_PATHS = NO;
				CLANG_ANALYZER_NONNULL = YES;
				CLANG_ANALYZER_NUMBER_OBJECT_CONVERSION = YES_AGGRESSIVE;
				CLANG_CXX_LANGUAGE_STANDARD = "gnu++14";
				CLANG_CXX_LIBRARY = "libc++";
				CLANG_ENABLE_MODULES = YES;
				CLANG_ENABLE_OBJC_ARC = YES;
				CLANG_ENABLE_OBJC_WEAK = YES;
				CLANG_WARN_BLOCK_CAPTURE_AUTORELEASING = YES;
				CLANG_WARN_BOOL_CONVERSION = YES;
				CLANG_WARN_COMMA = YES;
				CLANG_WARN_CONSTANT_CONVERSION = YES;
				CLANG_WARN_DEPRECATED_OBJC_IMPLEMENTATIONS = YES;
				CLANG_WARN_DIRECT_OBJC_ISA_USAGE = YES_ERROR;
				CLANG_WARN_DOCUMENTATION_COMMENTS = YES;
				CLANG_WARN_EMPTY_BODY = YES;
				CLANG_WARN_ENUM_CONVERSION = YES;
				CLANG_WARN_INFINITE_RECURSION = YES;
				CLANG_WARN_INT_CONVERSION = YES;
				CLANG_WARN_NON_LITERAL_NULL_CONVERSION = YES;
				CLANG_WARN_OBJC_IMPLICIT_RETAIN_SELF = YES;
				CLANG_WARN_OBJC_LITERAL_CONVERSION = YES;
				CLANG_WARN_OBJC_ROOT_CLASS = YES_ERROR;
				CLANG_WARN_RANGE_LOOP_ANALYSIS = YES;
				CLANG_WARN_STRICT_PROTOTYPES = YES;
				CLANG_WARN_SUSPICIOUS_MOVE = YES;
				CLANG_WARN_UNGUARDED_AVAILABILITY = YES_AGGRESSIVE;
				CLANG_WARN_UNREACHABLE_CODE = YES;
				CLANG_WARN__DUPLICATE_METHOD_MATCH = YES;
				CODE_SIGN_IDENTITY = "iPhone Developer";
				COPY_PHASE_STRIP = NO;
				DEBUG_INFORMATION_FORMAT = "dwarf-with-dsym";
				ENABLE_NS_ASSERTIONS = NO;
				ENABLE_STRICT_OBJC_MSGSEND = YES;
				GCC_C_LANGUAGE_STANDARD = gnu11;
				GCC_NO_COMMON_BLOCKS = YES;
				GCC_WARN_64_TO_32_BIT_CONVERSION = YES;
				GCC_WARN_ABOUT_RETURN_TYPE = YES_ERROR;
				GCC_WARN_UNDECLARED_SELECTOR = YES;
				GCC_WARN_UNINITIALIZED_AUTOS = YES_AGGRESSIVE;
				GCC_WARN_UNUSED_FUNCTION = YES;
				GCC_WARN_UNUSED_VARIABLE = YES;
				IPHONEOS_DEPLOYMENT_TARGET = 11.4;
				MTL_ENABLE_DEBUG_INFO = NO;
				SDKROOT = iphoneos;
				SWIFT_COMPILATION_MODE = wholemodule;
				SWIFT_OPTIMIZATION_LEVEL = "-O";
				VALIDATE_PRODUCT = YES;
			};
			name = Release;
		};
		3FF358EA212403F90091A943 /* Debug */ = {
			isa = XCBuildConfiguration;
			baseConfigurationReference = 55582D82CE0B636CEF6B38CE /* Pods-PriceAggregator123.debug.xcconfig */;
			buildSettings = {
				ASSETCATALOG_COMPILER_APPICON_NAME = AppIcon;
				CODE_SIGN_STYLE = Automatic;
				DEVELOPMENT_TEAM = 597627XHL3;
				INFOPLIST_FILE = PriceAggregator123/Info.plist;
				LD_RUNPATH_SEARCH_PATHS = (
					"$(inherited)",
					"@executable_path/Frameworks",
				);
				PRODUCT_BUNDLE_IDENTIFIER = com.whoi.PriceAggregator;
				PRODUCT_NAME = "$(TARGET_NAME)";
				SWIFT_VERSION = 4.0;
				TARGETED_DEVICE_FAMILY = "1,2";
			};
			name = Debug;
		};
		3FF358EB212403F90091A943 /* Release */ = {
			isa = XCBuildConfiguration;
			baseConfigurationReference = 5FE146BDD4F9CA8BEF7E1258 /* Pods-PriceAggregator123.release.xcconfig */;
			buildSettings = {
				ASSETCATALOG_COMPILER_APPICON_NAME = AppIcon;
				CODE_SIGN_STYLE = Automatic;
				DEVELOPMENT_TEAM = 597627XHL3;
				INFOPLIST_FILE = PriceAggregator123/Info.plist;
				LD_RUNPATH_SEARCH_PATHS = (
					"$(inherited)",
					"@executable_path/Frameworks",
				);
				PRODUCT_BUNDLE_IDENTIFIER = com.whoi.PriceAggregator;
				PRODUCT_NAME = "$(TARGET_NAME)";
				SWIFT_VERSION = 4.0;
				TARGETED_DEVICE_FAMILY = "1,2";
			};
			name = Release;
		};
/* End XCBuildConfiguration section */

/* Begin XCConfigurationList section */
		3FF358D2212403F70091A943 /* Build configuration list for PBXProject "PriceAggregator123" */ = {
			isa = XCConfigurationList;
			buildConfigurations = (
				3FF358E7212403F90091A943 /* Debug */,
				3FF358E8212403F90091A943 /* Release */,
			);
			defaultConfigurationIsVisible = 0;
			defaultConfigurationName = Release;
		};
		3FF358E9212403F90091A943 /* Build configuration list for PBXNativeTarget "PriceAggregator123" */ = {
			isa = XCConfigurationList;
			buildConfigurations = (
				3FF358EA212403F90091A943 /* Debug */,
				3FF358EB212403F90091A943 /* Release */,
			);
			defaultConfigurationIsVisible = 0;
			defaultConfigurationName = Release;
		};
/* End XCConfigurationList section */

/* Begin XCVersionGroup section */
		3F6492F8212463450077E531 /* DataModel.xcdatamodeld */ = {
			isa = XCVersionGroup;
			children = (
				3F6492F9212463450077E531 /* DataModel.xcdatamodel */,
			);
			currentVersion = 3F6492F9212463450077E531 /* DataModel.xcdatamodel */;
			path = DataModel.xcdatamodeld;
			sourceTree = "<group>";
			versionGroupType = wrapper.xcdatamodel;
		};
/* End XCVersionGroup section */
	};
	rootObject = 3FF358CF212403F70091A943 /* Project object */;
}
